// !$*UTF8*$!
{
	archiveVersion = 1;
	classes = {
	};
	objectVersion = 50;
	objects = {

/* Begin PBXBuildFile section */
		5709E297222816F600AC8837 /* main.cpp in Sources */ = {isa = PBXBuildFile; fileRef = 5709E296222816F600AC8837 /* main.cpp */; };
		5709E29F2228172800AC8837 /* libomp.dylib in Frameworks */ = {isa = PBXBuildFile; fileRef = 5709E29E2228172800AC8837 /* libomp.dylib */; };
		57B151C622281A37006B29C9 /* RankSort.cpp in Sources */ = {isa = PBXBuildFile; fileRef = 57B151C522281A37006B29C9 /* RankSort.cpp */; };
		57B151C822281A70006B29C9 /* Generate.cpp in Sources */ = {isa = PBXBuildFile; fileRef = 57B151C722281A70006B29C9 /* Generate.cpp */; };
		57B151CB222838D0006B29C9 /* Utils.cpp in Sources */ = {isa = PBXBuildFile; fileRef = 57B151CA222838D0006B29C9 /* Utils.cpp */; };
		57B151CD2228399C006B29C9 /* MatrixMultiplication.cpp in Sources */ = {isa = PBXBuildFile; fileRef = 57B151CC2228399C006B29C9 /* MatrixMultiplication.cpp */; };
		57B151CF22285EFD006B29C9 /* BucketSort.cpp in Sources */ = {isa = PBXBuildFile; fileRef = 57B151CE22285EFD006B29C9 /* BucketSort.cpp */; };
		57B151D422286E1D006B29C9 /* LogarithmArray.cpp in Sources */ = {isa = PBXBuildFile; fileRef = 57B151D322286E1D006B29C9 /* LogarithmArray.cpp */; };
		57C39B1D2229C74900CD55E5 /* NumericalIntegration.cpp in Sources */ = {isa = PBXBuildFile; fileRef = 57C39B1C2229C74900CD55E5 /* NumericalIntegration.cpp */; };
/* End PBXBuildFile section */

/* Begin PBXCopyFilesBuildPhase section */
		5709E291222816F600AC8837 /* CopyFiles */ = {
			isa = PBXCopyFilesBuildPhase;
			buildActionMask = 2147483647;
			dstPath = /usr/share/man/man1/;
			dstSubfolderSpec = 0;
			files = (
			);
			runOnlyForDeploymentPostprocessing = 1;
		};
/* End PBXCopyFilesBuildPhase section */

/* Begin PBXFileReference section */
		5709E293222816F600AC8837 /* Parallel */ = {isa = PBXFileReference; explicitFileType = "compiled.mach-o.executable"; includeInIndex = 0; path = Parallel; sourceTree = BUILT_PRODUCTS_DIR; };
		5709E296222816F600AC8837 /* main.cpp */ = {isa = PBXFileReference; lastKnownFileType = sourcecode.cpp.cpp; path = main.cpp; sourceTree = "<group>"; };
		5709E29E2228172800AC8837 /* libomp.dylib */ = {isa = PBXFileReference; lastKnownFileType = "compiled.mach-o.dylib"; name = libomp.dylib; path = ../../../../../../usr/local/Cellar/llvm/7.0.1/lib/libomp.dylib; sourceTree = "<group>"; };
		57B151C522281A37006B29C9 /* RankSort.cpp */ = {isa = PBXFileReference; lastKnownFileType = sourcecode.cpp.cpp; path = RankSort.cpp; sourceTree = "<group>"; };
		57B151C722281A70006B29C9 /* Generate.cpp */ = {isa = PBXFileReference; lastKnownFileType = sourcecode.cpp.cpp; path = Generate.cpp; sourceTree = "<group>"; };
		57B151C922281CFB006B29C9 /* Header.h */ = {isa = PBXFileReference; lastKnownFileType = sourcecode.c.h; path = Header.h; sourceTree = "<group>"; };
		57B151CA222838D0006B29C9 /* Utils.cpp */ = {isa = PBXFileReference; lastKnownFileType = sourcecode.cpp.cpp; path = Utils.cpp; sourceTree = "<group>"; };
		57B151CC2228399C006B29C9 /* MatrixMultiplication.cpp */ = {isa = PBXFileReference; lastKnownFileType = sourcecode.cpp.cpp; path = MatrixMultiplication.cpp; sourceTree = "<group>"; };
		57B151CE22285EFD006B29C9 /* BucketSort.cpp */ = {isa = PBXFileReference; lastKnownFileType = sourcecode.cpp.cpp; path = BucketSort.cpp; sourceTree = "<group>"; };
		57B151D322286E1D006B29C9 /* LogarithmArray.cpp */ = {isa = PBXFileReference; lastKnownFileType = sourcecode.cpp.cpp; path = LogarithmArray.cpp; sourceTree = "<group>"; };
		57C39B1C2229C74900CD55E5 /* NumericalIntegration.cpp */ = {isa = PBXFileReference; lastKnownFileType = sourcecode.cpp.cpp; path = NumericalIntegration.cpp; sourceTree = "<group>"; };
/* End PBXFileReference section */

/* Begin PBXFrameworksBuildPhase section */
		5709E290222816F600AC8837 /* Frameworks */ = {
			isa = PBXFrameworksBuildPhase;
			buildActionMask = 2147483647;
			files = (
				5709E29F2228172800AC8837 /* libomp.dylib in Frameworks */,
			);
			runOnlyForDeploymentPostprocessing = 0;
		};
/* End PBXFrameworksBuildPhase section */

/* Begin PBXGroup section */
		5709E28A222816F600AC8837 = {
			isa = PBXGroup;
			children = (
				5709E295222816F600AC8837 /* Parallel */,
				5709E294222816F600AC8837 /* Products */,
				5709E29D2228172800AC8837 /* Frameworks */,
			);
			sourceTree = "<group>";
		};
		5709E294222816F600AC8837 /* Products */ = {
			isa = PBXGroup;
			children = (
				5709E293222816F600AC8837 /* Parallel */,
			);
			name = Products;
			sourceTree = "<group>";
		};
		5709E295222816F600AC8837 /* Parallel */ = {
			isa = PBXGroup;
			children = (
				5709E296222816F600AC8837 /* main.cpp */,
				57B151CE22285EFD006B29C9 /* BucketSort.cpp */,
				57B151C522281A37006B29C9 /* RankSort.cpp */,
				57B151C722281A70006B29C9 /* Generate.cpp */,
				57B151C922281CFB006B29C9 /* Header.h */,
				57B151CA222838D0006B29C9 /* Utils.cpp */,
				57B151CC2228399C006B29C9 /* MatrixMultiplication.cpp */,
				57B151D322286E1D006B29C9 /* LogarithmArray.cpp */,
				57C39B1C2229C74900CD55E5 /* NumericalIntegration.cpp */,
			);
			path = Parallel;
			sourceTree = "<group>";
		};
		5709E29D2228172800AC8837 /* Frameworks */ = {
			isa = PBXGroup;
			children = (
				5709E29E2228172800AC8837 /* libomp.dylib */,
			);
			name = Frameworks;
			sourceTree = "<group>";
		};
/* End PBXGroup section */

/* Begin PBXNativeTarget section */
		5709E292222816F600AC8837 /* Parallel */ = {
			isa = PBXNativeTarget;
			buildConfigurationList = 5709E29A222816F600AC8837 /* Build configuration list for PBXNativeTarget "Parallel" */;
			buildPhases = (
				5709E28F222816F600AC8837 /* Sources */,
				5709E290222816F600AC8837 /* Frameworks */,
				5709E291222816F600AC8837 /* CopyFiles */,
			);
			buildRules = (
			);
			dependencies = (
			);
			name = Parallel;
			productName = Parallel;
			productReference = 5709E293222816F600AC8837 /* Parallel */;
			productType = "com.apple.product-type.tool";
		};
/* End PBXNativeTarget section */

/* Begin PBXProject section */
		5709E28B222816F600AC8837 /* Project object */ = {
			isa = PBXProject;
			attributes = {
				LastUpgradeCheck = 1010;
				ORGANIZATIONNAME = "Quan Doan";
				TargetAttributes = {
					5709E292222816F600AC8837 = {
						CreatedOnToolsVersion = 10.1;
					};
				};
			};
			buildConfigurationList = 5709E28E222816F600AC8837 /* Build configuration list for PBXProject "Parallel" */;
			compatibilityVersion = "Xcode 9.3";
			developmentRegion = en;
			hasScannedForEncodings = 0;
			knownRegions = (
				en,
			);
			mainGroup = 5709E28A222816F600AC8837;
			productRefGroup = 5709E294222816F600AC8837 /* Products */;
			projectDirPath = "";
			projectRoot = "";
			targets = (
				5709E292222816F600AC8837 /* Parallel */,
			);
		};
/* End PBXProject section */

/* Begin PBXSourcesBuildPhase section */
		5709E28F222816F600AC8837 /* Sources */ = {
			isa = PBXSourcesBuildPhase;
			buildActionMask = 2147483647;
			files = (
				57B151D422286E1D006B29C9 /* LogarithmArray.cpp in Sources */,
				57B151CD2228399C006B29C9 /* MatrixMultiplication.cpp in Sources */,
				5709E297222816F600AC8837 /* main.cpp in Sources */,
				57B151C622281A37006B29C9 /* RankSort.cpp in Sources */,
				57B151CF22285EFD006B29C9 /* BucketSort.cpp in Sources */,
				57C39B1D2229C74900CD55E5 /* NumericalIntegration.cpp in Sources */,
				57B151C822281A70006B29C9 /* Generate.cpp in Sources */,
				57B151CB222838D0006B29C9 /* Utils.cpp in Sources */,
			);
			runOnlyForDeploymentPostprocessing = 0;
		};
/* End PBXSourcesBuildPhase section */

/* Begin XCBuildConfiguration section */
		5709E298222816F600AC8837 /* Debug */ = {
			isa = XCBuildConfiguration;
			buildSettings = {
				ALWAYS_SEARCH_USER_PATHS = NO;
				CLANG_ANALYZER_NONNULL = YES;
				CLANG_ANALYZER_NUMBER_OBJECT_CONVERSION = YES_AGGRESSIVE;
				CLANG_CXX_LANGUAGE_STANDARD = "gnu++14";
				CLANG_CXX_LIBRARY = "libc++";
				CLANG_ENABLE_MODULES = YES;
				CLANG_ENABLE_OBJC_ARC = YES;
				CLANG_ENABLE_OBJC_WEAK = YES;
				CLANG_WARN_BLOCK_CAPTURE_AUTORELEASING = YES;
				CLANG_WARN_BOOL_CONVERSION = YES;
				CLANG_WARN_COMMA = YES;
				CLANG_WARN_CONSTANT_CONVERSION = YES;
				CLANG_WARN_DEPRECATED_OBJC_IMPLEMENTATIONS = YES;
				CLANG_WARN_DIRECT_OBJC_ISA_USAGE = YES_ERROR;
				CLANG_WARN_DOCUMENTATION_COMMENTS = YES;
				CLANG_WARN_EMPTY_BODY = YES;
				CLANG_WARN_ENUM_CONVERSION = YES;
				CLANG_WARN_INFINITE_RECURSION = YES;
				CLANG_WARN_INT_CONVERSION = YES;
				CLANG_WARN_NON_LITERAL_NULL_CONVERSION = YES;
				CLANG_WARN_OBJC_IMPLICIT_RETAIN_SELF = YES;
				CLANG_WARN_OBJC_LITERAL_CONVERSION = YES;
				CLANG_WARN_OBJC_ROOT_CLASS = YES_ERROR;
				CLANG_WARN_RANGE_LOOP_ANALYSIS = YES;
				CLANG_WARN_STRICT_PROTOTYPES = YES;
				CLANG_WARN_SUSPICIOUS_MOVE = YES;
				CLANG_WARN_UNGUARDED_AVAILABILITY = YES_AGGRESSIVE;
				CLANG_WARN_UNREACHABLE_CODE = YES;
				CLANG_WARN__DUPLICATE_METHOD_MATCH = YES;
				CODE_SIGN_IDENTITY = "-";
				COPY_PHASE_STRIP = NO;
				DEBUG_INFORMATION_FORMAT = dwarf;
				ENABLE_STRICT_OBJC_MSGSEND = YES;
				ENABLE_TESTABILITY = YES;
				GCC_C_LANGUAGE_STANDARD = gnu11;
				GCC_DYNAMIC_NO_PIC = NO;
				GCC_NO_COMMON_BLOCKS = YES;
				GCC_OPTIMIZATION_LEVEL = 0;
				GCC_PREPROCESSOR_DEFINITIONS = (
					"DEBUG=1",
					"$(inherited)",
				);
				GCC_WARN_64_TO_32_BIT_CONVERSION = YES;
				GCC_WARN_ABOUT_RETURN_TYPE = YES_ERROR;
				GCC_WARN_UNDECLARED_SELECTOR = YES;
				GCC_WARN_UNINITIALIZED_AUTOS = YES_AGGRESSIVE;
				GCC_WARN_UNUSED_FUNCTION = YES;
				GCC_WARN_UNUSED_VARIABLE = YES;
				MACOSX_DEPLOYMENT_TARGET = 10.14;
				MTL_ENABLE_DEBUG_INFO = INCLUDE_SOURCE;
				MTL_FAST_MATH = YES;
				ONLY_ACTIVE_ARCH = YES;
				SDKROOT = macosx;
			};
			name = Debug;
		};
		5709E299222816F600AC8837 /* Release */ = {
			isa = XCBuildConfiguration;
			buildSettings = {
				ALWAYS_SEARCH_USER_PATHS = NO;
				CLANG_ANALYZER_NONNULL = YES;
				CLANG_ANALYZER_NUMBER_OBJECT_CONVERSION = YES_AGGRESSIVE;
				CLANG_CXX_LANGUAGE_STANDARD = "gnu++14";
				CLANG_CXX_LIBRARY = "libc++";
				CLANG_ENABLE_MODULES = YES;
				CLANG_ENABLE_OBJC_ARC = YES;
				CLANG_ENABLE_OBJC_WEAK = YES;
				CLANG_WARN_BLOCK_CAPTURE_AUTORELEASING = YES;
				CLANG_WARN_BOOL_CONVERSION = YES;
				CLANG_WARN_COMMA = YES;
				CLANG_WARN_CONSTANT_CONVERSION = YES;
				CLANG_WARN_DEPRECATED_OBJC_IMPLEMENTATIONS = YES;
				CLANG_WARN_DIRECT_OBJC_ISA_USAGE = YES_ERROR;
				CLANG_WARN_DOCUMENTATION_COMMENTS = YES;
				CLANG_WARN_EMPTY_BODY = YES;
				CLANG_WARN_ENUM_CONVERSION = YES;
				CLANG_WARN_INFINITE_RECURSION = YES;
				CLANG_WARN_INT_CONVERSION = YES;
				CLANG_WARN_NON_LITERAL_NULL_CONVERSION = YES;
				CLANG_WARN_OBJC_IMPLICIT_RETAIN_SELF = YES;
				CLANG_WARN_OBJC_LITERAL_CONVERSION = YES;
				CLANG_WARN_OBJC_ROOT_CLASS = YES_ERROR;
				CLANG_WARN_RANGE_LOOP_ANALYSIS = YES;
				CLANG_WARN_STRICT_PROTOTYPES = YES;
				CLANG_WARN_SUSPICIOUS_MOVE = YES;
				CLANG_WARN_UNGUARDED_AVAILABILITY = YES_AGGRESSIVE;
				CLANG_WARN_UNREACHABLE_CODE = YES;
				CLANG_WARN__DUPLICATE_METHOD_MATCH = YES;
				CODE_SIGN_IDENTITY = "-";
				COPY_PHASE_STRIP = NO;
				DEBUG_INFORMATION_FORMAT = "dwarf-with-dsym";
				ENABLE_NS_ASSERTIONS = NO;
				ENABLE_STRICT_OBJC_MSGSEND = YES;
				GCC_C_LANGUAGE_STANDARD = gnu11;
				GCC_NO_COMMON_BLOCKS = YES;
				GCC_WARN_64_TO_32_BIT_CONVERSION = YES;
				GCC_WARN_ABOUT_RETURN_TYPE = YES_ERROR;
				GCC_WARN_UNDECLARED_SELECTOR = YES;
				GCC_WARN_UNINITIALIZED_AUTOS = YES_AGGRESSIVE;
				GCC_WARN_UNUSED_FUNCTION = YES;
				GCC_WARN_UNUSED_VARIABLE = YES;
				MACOSX_DEPLOYMENT_TARGET = 10.14;
				MTL_ENABLE_DEBUG_INFO = NO;
				MTL_FAST_MATH = YES;
				SDKROOT = macosx;
			};
			name = Release;
		};
		5709E29B222816F600AC8837 /* Debug */ = {
			isa = XCBuildConfiguration;
			buildSettings = {
				CC = /usr/local/opt/llvm/bin/clang;
				CLANG_ENABLE_MODULES = NO;
				CODE_SIGN_STYLE = Automatic;
				COMPILER_INDEX_STORE_ENABLE = NO;
				HEADER_SEARCH_PATHS = (
					/usr/local/opt/llvm/lib/clang/7.0.1/include,
					/usr/local/opt/llvm/lib,
				);
				LIBRARY_SEARCH_PATHS = (
					"$(inherited)",
					/usr/local/Cellar/llvm/7.0.1/lib,
				);
				OTHER_CFLAGS = "-fopenmp";
				PRODUCT_NAME = "$(TARGET_NAME)";
			};
			name = Debug;
		};
		5709E29C222816F600AC8837 /* Release */ = {
			isa = XCBuildConfiguration;
			buildSettings = {
				CC = /usr/local/opt/llvm/bin/clang;
				CLANG_ENABLE_MODULES = NO;
				CODE_SIGN_STYLE = Automatic;
				COMPILER_INDEX_STORE_ENABLE = NO;
				HEADER_SEARCH_PATHS = (
					/usr/local/opt/llvm/lib/clang/7.0.1/include,
					/usr/local/opt/llvm/lib,
				);
				LIBRARY_SEARCH_PATHS = (
					"$(inherited)",
					/usr/local/Cellar/llvm/7.0.1/lib,
				);
				OTHER_CFLAGS = "-fopenmp";
				PRODUCT_NAME = "$(TARGET_NAME)";
			};
			name = Release;
		};
/* End XCBuildConfiguration section */

/* Begin XCConfigurationList section */
		5709E28E222816F600AC8837 /* Build configuration list for PBXProject "Parallel" */ = {
			isa = XCConfigurationList;
			buildConfigurations = (
				5709E298222816F600AC8837 /* Debug */,
				5709E299222816F600AC8837 /* Release */,
			);
			defaultConfigurationIsVisible = 0;
			defaultConfigurationName = Release;
		};
		5709E29A222816F600AC8837 /* Build configuration list for PBXNativeTarget "Parallel" */ = {
			isa = XCConfigurationList;
			buildConfigurations = (
				5709E29B222816F600AC8837 /* Debug */,
				5709E29C222816F600AC8837 /* Release */,
			);
			defaultConfigurationIsVisible = 0;
			defaultConfigurationName = Release;
		};
/* End XCConfigurationList section */
	};
	rootObject = 5709E28B222816F600AC8837 /* Project object */;
}
